
Microsoft Visual Studio Solution File, Format Version 12.00
# Visual Studio Version 16
VisualStudioVersion = 16.0.31624.102
MinimumVisualStudioVersion = 10.0.40219.1
Project("{FAE04EC0-301F-11D3-BF4B-00C04F79EFBC}") = "3D_tic-tac-toe", "3D_tic-tac-toe\3D_tic-tac-toe.csproj", "{5ABF46CF-1128-4E51-ABC4-22339D88D9D9}"
EndProject
Global
	GlobalSection(SolutionConfigurationPlatforms) = preSolution
		Debug|Any CPU = Debug|Any CPU
		Release|Any CPU = Release|Any CPU
	EndGlobalSection
	GlobalSection(ProjectConfigurationPlatforms) = postSolution
		{5ABF46CF-1128-4E51-ABC4-22339D88D9D9}.Debug|Any CPU.ActiveCfg = Debug|Any CPU
		{5ABF46CF-1128-4E51-ABC4-22339D88D9D9}.Debug|Any CPU.Build.0 = Debug|Any CPU
		{5ABF46CF-1128-4E51-ABC4-22339D88D9D9}.Release|Any CPU.ActiveCfg = Release|Any CPU
		{5ABF46CF-1128-4E51-ABC4-22339D88D9D9}.Release|Any CPU.Build.0 = Release|Any CPU
	EndGlobalSection
	GlobalSection(SolutionProperties) = preSolution
		HideSolutionNode = FALSE
	EndGlobalSection
	GlobalSection(ExtensibilityGlobals) = postSolution
		SolutionGuid = {A1FC494D-03EE-435F-9B81-A2D39FE368CA}
	EndGlobalSection
EndGlobal
